
Microsoft Visual Studio Solution File, Format Version 12.00
# Visual Studio 14
VisualStudioVersion = 14.0.25420.1
MinimumVisualStudioVersion = 10.0.40219.1
Project("{2150E333-8FDC-42A3-9474-1A3956D46DE8}") = "1.FrontEnd", "1.FrontEnd", "{062EBB55-4EA1-431B-85E4-984C0FAC0311}"
EndProject
Project("{2150E333-8FDC-42A3-9474-1A3956D46DE8}") = "2.Middleware", "2.Middleware", "{4467E8B0-0C10-4A6B-B0FA-30ECA1FAD946}"
EndProject
Project("{2150E333-8FDC-42A3-9474-1A3956D46DE8}") = "Domain", "Domain", "{82591BF0-500D-41BE-A8F5-25A8626BF353}"
EndProject
Project("{2150E333-8FDC-42A3-9474-1A3956D46DE8}") = "3.BackEnd", "3.BackEnd", "{7FE92477-76FC-4CE9-9FA7-351A9C2BEEB6}"
EndProject
Project("{2150E333-8FDC-42A3-9474-1A3956D46DE8}") = "4.Services", "4.Services", "{FD267208-0E8A-44CF-B549-CAD8D3EE2670}"
	ProjectSection(SolutionItems) = preProject
		README.SERVICES.txt = README.SERVICES.txt
	EndProjectSection
EndProject
Project("{2150E333-8FDC-42A3-9474-1A3956D46DE8}") = "5.Deployment", "5.Deployment", "{F3F77ECA-DA5B-4EB4-82AA-5ACD3CCA70AE}"
	ProjectSection(SolutionItems) = preProject
		README.DEPLOYMENT.txt = README.DEPLOYMENT.txt
	EndProjectSection
EndProject
Project("{FAE04EC0-301F-11D3-BF4B-00C04F79EFBC}") = "AlbatrosSoft.PetMap.Web", "1.FrontEnd\AlbatrosSoft.PetMap.Web\AlbatrosSoft.PetMap.Web.csproj", "{E9A9040B-BAF8-4241-8BEE-FC20CF81C787}"
EndProject
Project("{FAE04EC0-301F-11D3-BF4B-00C04F79EFBC}") = "AlbatrosSoft.PetMap.Domain.Bll", "2.Middleware\Domain\AlbatrosSoft.PetMap.Domain.Bll\AlbatrosSoft.PetMap.Domain.Bll.csproj", "{173281E1-848F-4C1A-89A1-279422027A40}"
EndProject
Project("{FAE04EC0-301F-11D3-BF4B-00C04F79EFBC}") = "AlbatrosSoft.PetMap.Domain.Dto", "AlbatrosSoft.PetMap.Domain.Dto\AlbatrosSoft.PetMap.Domain.Dto.csproj", "{371C9769-E8BA-4784-A4A4-D31A9134A0D8}"
EndProject
Project("{FAE04EC0-301F-11D3-BF4B-00C04F79EFBC}") = "AlbatrosSoftPetMap.Data.Context", "3.BackEnd\AlbatrosSoftPetMap.Data.Context\AlbatrosSoftPetMap.Data.Context.csproj", "{D5F8ED24-4935-4894-A38B-E3B9138FC4E3}"
EndProject
Project("{FAE04EC0-301F-11D3-BF4B-00C04F79EFBC}") = "AlbatrosSoft.PetMap.Data.Repository", "AlbatrosSoft.PetMap.Data.Repository\AlbatrosSoft.PetMap.Data.Repository.csproj", "{432BFCEA-13C2-4D47-A97C-962C9D984D40}"
EndProject
Project("{FAE04EC0-301F-11D3-BF4B-00C04F79EFBC}") = "AlbatrosSoft.PetMap.Mobile.Web", "1.FrontEnd\AlbatrosSoft.PetMap.Mobile.Web\AlbatrosSoft.PetMap.Mobile.Web.csproj", "{FF5FDD81-F9D8-4744-85E5-109D0C8736F7}"
EndProject
Global
	GlobalSection(SolutionConfigurationPlatforms) = preSolution
		Debug|Any CPU = Debug|Any CPU
		Release|Any CPU = Release|Any CPU
	EndGlobalSection
	GlobalSection(ProjectConfigurationPlatforms) = postSolution
		{E9A9040B-BAF8-4241-8BEE-FC20CF81C787}.Debug|Any CPU.ActiveCfg = Debug|Any CPU
		{E9A9040B-BAF8-4241-8BEE-FC20CF81C787}.Debug|Any CPU.Build.0 = Debug|Any CPU
		{E9A9040B-BAF8-4241-8BEE-FC20CF81C787}.Release|Any CPU.ActiveCfg = Release|Any CPU
		{E9A9040B-BAF8-4241-8BEE-FC20CF81C787}.Release|Any CPU.Build.0 = Release|Any CPU
		{173281E1-848F-4C1A-89A1-279422027A40}.Debug|Any CPU.ActiveCfg = Debug|Any CPU
		{173281E1-848F-4C1A-89A1-279422027A40}.Debug|Any CPU.Build.0 = Debug|Any CPU
		{173281E1-848F-4C1A-89A1-279422027A40}.Release|Any CPU.ActiveCfg = Release|Any CPU
		{173281E1-848F-4C1A-89A1-279422027A40}.Release|Any CPU.Build.0 = Release|Any CPU
		{371C9769-E8BA-4784-A4A4-D31A9134A0D8}.Debug|Any CPU.ActiveCfg = Debug|Any CPU
		{371C9769-E8BA-4784-A4A4-D31A9134A0D8}.Debug|Any CPU.Build.0 = Debug|Any CPU
		{371C9769-E8BA-4784-A4A4-D31A9134A0D8}.Release|Any CPU.ActiveCfg = Release|Any CPU
		{371C9769-E8BA-4784-A4A4-D31A9134A0D8}.Release|Any CPU.Build.0 = Release|Any CPU
		{D5F8ED24-4935-4894-A38B-E3B9138FC4E3}.Debug|Any CPU.ActiveCfg = Debug|Any CPU
		{D5F8ED24-4935-4894-A38B-E3B9138FC4E3}.Debug|Any CPU.Build.0 = Debug|Any CPU
		{D5F8ED24-4935-4894-A38B-E3B9138FC4E3}.Release|Any CPU.ActiveCfg = Release|Any CPU
		{D5F8ED24-4935-4894-A38B-E3B9138FC4E3}.Release|Any CPU.Build.0 = Release|Any CPU
		{432BFCEA-13C2-4D47-A97C-962C9D984D40}.Debug|Any CPU.ActiveCfg = Debug|Any CPU
		{432BFCEA-13C2-4D47-A97C-962C9D984D40}.Debug|Any CPU.Build.0 = Debug|Any CPU
		{432BFCEA-13C2-4D47-A97C-962C9D984D40}.Release|Any CPU.ActiveCfg = Release|Any CPU
		{432BFCEA-13C2-4D47-A97C-962C9D984D40}.Release|Any CPU.Build.0 = Release|Any CPU
		{FF5FDD81-F9D8-4744-85E5-109D0C8736F7}.Debug|Any CPU.ActiveCfg = Debug|Any CPU
		{FF5FDD81-F9D8-4744-85E5-109D0C8736F7}.Debug|Any CPU.Build.0 = Debug|Any CPU
		{FF5FDD81-F9D8-4744-85E5-109D0C8736F7}.Release|Any CPU.ActiveCfg = Release|Any CPU
		{FF5FDD81-F9D8-4744-85E5-109D0C8736F7}.Release|Any CPU.Build.0 = Release|Any CPU
	EndGlobalSection
	GlobalSection(SolutionProperties) = preSolution
		HideSolutionNode = FALSE
	EndGlobalSection
	GlobalSection(NestedProjects) = preSolution
		{82591BF0-500D-41BE-A8F5-25A8626BF353} = {4467E8B0-0C10-4A6B-B0FA-30ECA1FAD946}
		{E9A9040B-BAF8-4241-8BEE-FC20CF81C787} = {062EBB55-4EA1-431B-85E4-984C0FAC0311}
		{173281E1-848F-4C1A-89A1-279422027A40} = {82591BF0-500D-41BE-A8F5-25A8626BF353}
		{371C9769-E8BA-4784-A4A4-D31A9134A0D8} = {82591BF0-500D-41BE-A8F5-25A8626BF353}
		{D5F8ED24-4935-4894-A38B-E3B9138FC4E3} = {7FE92477-76FC-4CE9-9FA7-351A9C2BEEB6}
		{432BFCEA-13C2-4D47-A97C-962C9D984D40} = {7FE92477-76FC-4CE9-9FA7-351A9C2BEEB6}
		{FF5FDD81-F9D8-4744-85E5-109D0C8736F7} = {062EBB55-4EA1-431B-85E4-984C0FAC0311}
	EndGlobalSection
	GlobalSection(TeamFoundationVersionControl) = preSolution
		SccNumberOfProjects = 7
		SccEnterpriseProvider = {4CA58AB2-18FA-4F8D-95D4-32DDF27D184C}
		SccTeamFoundationServer = https://albatrossoft2.visualstudio.com/defaultcollection
		SccLocalPath0 = .
		SccProjectUniqueName1 = 1.FrontEnd\\AlbatrosSoft.PetMap.Web\\AlbatrosSoft.PetMap.Web.csproj
		SccProjectTopLevelParentUniqueName1 = AlbatrosSoft.PetMap.sln
		SccProjectName1 = 1.FrontEnd/AlbatrosSoft.PetMap.Web
		SccLocalPath1 = 1.FrontEnd\\AlbatrosSoft.PetMap.Web
		SccProjectUniqueName2 = 2.Middleware\\Domain\\AlbatrosSoft.PetMap.Domain.Bll\\AlbatrosSoft.PetMap.Domain.Bll.csproj
		SccProjectTopLevelParentUniqueName2 = AlbatrosSoft.PetMap.sln
		SccProjectName2 = 2.Middleware/Domain/AlbatrosSoft.PetMap.Domain.Bll
		SccLocalPath2 = 2.Middleware\\Domain\\AlbatrosSoft.PetMap.Domain.Bll
		SccProjectUniqueName3 = 3.BackEnd\\AlbatrosSoftPetMap.Data.Context\\AlbatrosSoftPetMap.Data.Context.csproj
		SccProjectTopLevelParentUniqueName3 = AlbatrosSoft.PetMap.sln
		SccProjectName3 = 3.BackEnd/AlbatrosSoftPetMap.Data.Context
		SccLocalPath3 = 3.BackEnd\\AlbatrosSoftPetMap.Data.Context
		SccProjectUniqueName4 = AlbatrosSoft.PetMap.Data.Repository\\AlbatrosSoft.PetMap.Data.Repository.csproj
		SccProjectTopLevelParentUniqueName4 = AlbatrosSoft.PetMap.sln
		SccProjectName4 = AlbatrosSoft.PetMap.Data.Repository
		SccLocalPath4 = AlbatrosSoft.PetMap.Data.Repository
		SccProjectUniqueName5 = AlbatrosSoft.PetMap.Domain.Dto\\AlbatrosSoft.PetMap.Domain.Dto.csproj
		SccProjectTopLevelParentUniqueName5 = AlbatrosSoft.PetMap.sln
		SccProjectName5 = AlbatrosSoft.PetMap.Domain.Dto
		SccLocalPath5 = AlbatrosSoft.PetMap.Domain.Dto
		SccProjectUniqueName6 = 1.FrontEnd\\AlbatrosSoft.PetMap.Mobile.Web\\AlbatrosSoft.PetMap.Mobile.Web.csproj
		SccProjectTopLevelParentUniqueName6 = AlbatrosSoft.PetMap.sln
		SccProjectName6 = 1.FrontEnd/AlbatrosSoft.PetMap.Mobile.Web
		SccLocalPath6 = 1.FrontEnd\\AlbatrosSoft.PetMap.Mobile.Web
	EndGlobalSection
EndGlobal
